Microsoft Visual Studio Solution File, Format Version 12.00
# Visual Studio Version 17
VisualStudioVersion = 17.5.2.0
MinimumVisualStudioVersion = 10.0.40219.1
Project("{FAE04EC0-301F-11D3-BF4B-00C04F79EFBC}") = "blackjack", "blackjack\blackjack.csproj", "{393FE6D6-873C-53C6-6EC5-219F0EB88D60}"
EndProject
Project("{FAE04EC0-301F-11D3-BF4B-00C04F79EFBC}") = "blackjack-test", "blackjack-test\blackjack-test.csproj", "{07477D49-DB7E-5791-D1B4-8D242CB97D47}"
EndProject
Global
	GlobalSection(SolutionConfigurationPlatforms) = preSolution
		Debug|Any CPU = Debug|Any CPU
		Release|Any CPU = Release|Any CPU
	EndGlobalSection
	GlobalSection(ProjectConfigurationPlatforms) = postSolution
		{393FE6D6-873C-53C6-6EC5-219F0EB88D60}.Debug|Any CPU.ActiveCfg = Debug|Any CPU
		{393FE6D6-873C-53C6-6EC5-219F0EB88D60}.Debug|Any CPU.Build.0 = Debug|Any CPU
		{393FE6D6-873C-53C6-6EC5-219F0EB88D60}.Release|Any CPU.ActiveCfg = Release|Any CPU
		{393FE6D6-873C-53C6-6EC5-219F0EB88D60}.Release|Any CPU.Build.0 = Release|Any CPU
		{07477D49-DB7E-5791-D1B4-8D242CB97D47}.Debug|Any CPU.ActiveCfg = Debug|Any CPU
		{07477D49-DB7E-5791-D1B4-8D242CB97D47}.Debug|Any CPU.Build.0 = Debug|Any CPU
		{07477D49-DB7E-5791-D1B4-8D242CB97D47}.Release|Any CPU.ActiveCfg = Release|Any CPU
		{07477D49-DB7E-5791-D1B4-8D242CB97D47}.Release|Any CPU.Build.0 = Release|Any CPU
	EndGlobalSection
	GlobalSection(SolutionProperties) = preSolution
		HideSolutionNode = FALSE
	EndGlobalSection
	GlobalSection(ExtensibilityGlobals) = postSolution
		SolutionGuid = {3B868AA2-E152-4E29-B9F4-4A351D443A03}
	EndGlobalSection
EndGlobal
